// !$*UTF8*$!
{
	archiveVersion = 1;
	classes = {
	};
	objectVersion = 46;
	objects = {

/* Begin PBXBuildFile section */
		B332CB871A6BF22200D8D1F3 /* AppDelegate.swift in Sources */ = {isa = PBXBuildFile; fileRef = B332CB861A6BF22200D8D1F3 /* AppDelegate.swift */; };
		B332CB891A6BF22200D8D1F3 /* ViewController.swift in Sources */ = {isa = PBXBuildFile; fileRef = B332CB881A6BF22200D8D1F3 /* ViewController.swift */; };
		B332CB8C1A6BF22200D8D1F3 /* Main.storyboard in Resources */ = {isa = PBXBuildFile; fileRef = B332CB8A1A6BF22200D8D1F3 /* Main.storyboard */; };
		B332CB8E1A6BF22200D8D1F3 /* Images.xcassets in Resources */ = {isa = PBXBuildFile; fileRef = B332CB8D1A6BF22200D8D1F3 /* Images.xcassets */; };
		B332CB911A6BF22200D8D1F3 /* LaunchScreen.xib in Resources */ = {isa = PBXBuildFile; fileRef = B332CB8F1A6BF22200D8D1F3 /* LaunchScreen.xib */; };
		B332CB9D1A6BF22300D8D1F3 /* _2_AdvancedSeguesTests.swift in Sources */ = {isa = PBXBuildFile; fileRef = B332CB9C1A6BF22300D8D1F3 /* _2_AdvancedSeguesTests.swift */; };
/* End PBXBuildFile section */

/* Begin PBXContainerItemProxy section */
		B332CB971A6BF22300D8D1F3 /* PBXContainerItemProxy */ = {
			isa = PBXContainerItemProxy;
			containerPortal = B332CB791A6BF22200D8D1F3 /* Project object */;
			proxyType = 1;
			remoteGlobalIDString = B332CB801A6BF22200D8D1F3;
			remoteInfo = "72-AdvancedSegues";
		};
/* End PBXContainerItemProxy section */

/* Begin PBXFileReference section */
		B332CB811A6BF22200D8D1F3 /* 72-AdvancedSegues.app */ = {isa = PBXFileReference; explicitFileType = wrapper.application; includeInIndex = 0; path = "72-AdvancedSegues.app"; sourceTree = BUILT_PRODUCTS_DIR; };
		B332CB851A6BF22200D8D1F3 /* Info.plist */ = {isa = PBXFileReference; lastKnownFileType = text.plist.xml; path = Info.plist; sourceTree = "<group>"; };
		B332CB861A6BF22200D8D1F3 /* AppDelegate.swift */ = {isa = PBXFileReference; lastKnownFileType = sourcecode.swift; path = AppDelegate.swift; sourceTree = "<group>"; };
		B332CB881A6BF22200D8D1F3 /* ViewController.swift */ = {isa = PBXFileReference; lastKnownFileType = sourcecode.swift; path = ViewController.swift; sourceTree = "<group>"; };
		B332CB8B1A6BF22200D8D1F3 /* Base */ = {isa = PBXFileReference; lastKnownFileType = file.storyboard; name = Base; path = Base.lproj/Main.storyboard; sourceTree = "<group>"; };
		B332CB8D1A6BF22200D8D1F3 /* Images.xcassets */ = {isa = PBXFileReference; lastKnownFileType = folder.assetcatalog; path = Images.xcassets; sourceTree = "<group>"; };
		B332CB901A6BF22200D8D1F3 /* Base */ = {isa = PBXFileReference; lastKnownFileType = file.xib; name = Base; path = Base.lproj/LaunchScreen.xib; sourceTree = "<group>"; };
		B332CB961A6BF22300D8D1F3 /* 72-AdvancedSeguesTests.xctest */ = {isa = PBXFileReference; explicitFileType = wrapper.cfbundle; includeInIndex = 0; path = "72-AdvancedSeguesTests.xctest"; sourceTree = BUILT_PRODUCTS_DIR; };
		B332CB9B1A6BF22300D8D1F3 /* Info.plist */ = {isa = PBXFileReference; lastKnownFileType = text.plist.xml; path = Info.plist; sourceTree = "<group>"; };
		B332CB9C1A6BF22300D8D1F3 /* _2_AdvancedSeguesTests.swift */ = {isa = PBXFileReference; lastKnownFileType = sourcecode.swift; path = _2_AdvancedSeguesTests.swift; sourceTree = "<group>"; };
/* End PBXFileReference section */

/* Begin PBXFrameworksBuildPhase section */
		B332CB7E1A6BF22200D8D1F3 /* Frameworks */ = {
			isa = PBXFrameworksBuildPhase;
			buildActionMask = 2147483647;
			files = (
			);
			runOnlyForDeploymentPostprocessing = 0;
		};
		B332CB931A6BF22300D8D1F3 /* Frameworks */ = {
			isa = PBXFrameworksBuildPhase;
			buildActionMask = 2147483647;
			files = (
			);
			runOnlyForDeploymentPostprocessing = 0;
		};
/* End PBXFrameworksBuildPhase section */

/* Begin PBXGroup section */
		B332CB781A6BF22200D8D1F3 = {
			isa = PBXGroup;
			children = (
				B332CB831A6BF22200D8D1F3 /* 72-AdvancedSegues */,
				B332CB991A6BF22300D8D1F3 /* 72-AdvancedSeguesTests */,
				B332CB821A6BF22200D8D1F3 /* Products */,
			);
			sourceTree = "<group>";
		};
		B332CB821A6BF22200D8D1F3 /* Products */ = {
			isa = PBXGroup;
			children = (
				B332CB811A6BF22200D8D1F3 /* 72-AdvancedSegues.app */,
				B332CB961A6BF22300D8D1F3 /* 72-AdvancedSeguesTests.xctest */,
			);
			name = Products;
			sourceTree = "<group>";
		};
		B332CB831A6BF22200D8D1F3 /* 72-AdvancedSegues */ = {
			isa = PBXGroup;
			children = (
				B332CB861A6BF22200D8D1F3 /* AppDelegate.swift */,
				B332CB881A6BF22200D8D1F3 /* ViewController.swift */,
				B332CB8A1A6BF22200D8D1F3 /* Main.storyboard */,
				B332CB8D1A6BF22200D8D1F3 /* Images.xcassets */,
				B332CB8F1A6BF22200D8D1F3 /* LaunchScreen.xib */,
				B332CB841A6BF22200D8D1F3 /* Supporting Files */,
			);
			path = "72-AdvancedSegues";
			sourceTree = "<group>";
		};
		B332CB841A6BF22200D8D1F3 /* Supporting Files */ = {
			isa = PBXGroup;
			children = (
				B332CB851A6BF22200D8D1F3 /* Info.plist */,
			);
			name = "Supporting Files";
			sourceTree = "<group>";
		};
		B332CB991A6BF22300D8D1F3 /* 72-AdvancedSeguesTests */ = {
			isa = PBXGroup;
			children = (
				B332CB9C1A6BF22300D8D1F3 /* _2_AdvancedSeguesTests.swift */,
				B332CB9A1A6BF22300D8D1F3 /* Supporting Files */,
			);
			path = "72-AdvancedSeguesTests";
			sourceTree = "<group>";
		};
		B332CB9A1A6BF22300D8D1F3 /* Supporting Files */ = {
			isa = PBXGroup;
			children = (
				B332CB9B1A6BF22300D8D1F3 /* Info.plist */,
			);
			name = "Supporting Files";
			sourceTree = "<group>";
		};
/* End PBXGroup section */

/* Begin PBXNativeTarget section */
		B332CB801A6BF22200D8D1F3 /* 72-AdvancedSegues */ = {
			isa = PBXNativeTarget;
			buildConfigurationList = B332CBA01A6BF22300D8D1F3 /* Build configuration list for PBXNativeTarget "72-AdvancedSegues" */;
			buildPhases = (
				B332CB7D1A6BF22200D8D1F3 /* Sources */,
				B332CB7E1A6BF22200D8D1F3 /* Frameworks */,
				B332CB7F1A6BF22200D8D1F3 /* Resources */,
			);
			buildRules = (
			);
			dependencies = (
			);
			name = "72-AdvancedSegues";
			productName = "72-AdvancedSegues";
			productReference = B332CB811A6BF22200D8D1F3 /* 72-AdvancedSegues.app */;
			productType = "com.apple.product-type.application";
		};
		B332CB951A6BF22300D8D1F3 /* 72-AdvancedSeguesTests */ = {
			isa = PBXNativeTarget;
			buildConfigurationList = B332CBA31A6BF22300D8D1F3 /* Build configuration list for PBXNativeTarget "72-AdvancedSeguesTests" */;
			buildPhases = (
				B332CB921A6BF22300D8D1F3 /* Sources */,
				B332CB931A6BF22300D8D1F3 /* Frameworks */,
				B332CB941A6BF22300D8D1F3 /* Resources */,
			);
			buildRules = (
			);
			dependencies = (
				B332CB981A6BF22300D8D1F3 /* PBXTargetDependency */,
			);
			name = "72-AdvancedSeguesTests";
			productName = "72-AdvancedSeguesTests";
			productReference = B332CB961A6BF22300D8D1F3 /* 72-AdvancedSeguesTests.xctest */;
			productType = "com.apple.product-type.bundle.unit-test";
		};
/* End PBXNativeTarget section */

/* Begin PBXProject section */
		B332CB791A6BF22200D8D1F3 /* Project object */ = {
			isa = PBXProject;
			attributes = {
				LastUpgradeCheck = 0610;
				ORGANIZATIONNAME = WabiSabi;
				TargetAttributes = {
					B332CB801A6BF22200D8D1F3 = {
						CreatedOnToolsVersion = 6.1.1;
					};
					B332CB951A6BF22300D8D1F3 = {
						CreatedOnToolsVersion = 6.1.1;
						TestTargetID = B332CB801A6BF22200D8D1F3;
					};
				};
			};
			buildConfigurationList = B332CB7C1A6BF22200D8D1F3 /* Build configuration list for PBXProject "72-AdvancedSegues" */;
			compatibilityVersion = "Xcode 3.2";
			developmentRegion = English;
			hasScannedForEncodings = 0;
			knownRegions = (
				en,
				Base,
			);
			mainGroup = B332CB781A6BF22200D8D1F3;
			productRefGroup = B332CB821A6BF22200D8D1F3 /* Products */;
			projectDirPath = "";
			projectRoot = "";
			targets = (
				B332CB801A6BF22200D8D1F3 /* 72-AdvancedSegues */,
				B332CB951A6BF22300D8D1F3 /* 72-AdvancedSeguesTests */,
			);
		};
/* End PBXProject section */

/* Begin PBXResourcesBuildPhase section */
		B332CB7F1A6BF22200D8D1F3 /* Resources */ = {
			isa = PBXResourcesBuildPhase;
			buildActionMask = 2147483647;
			files = (
				B332CB8C1A6BF22200D8D1F3 /* Main.storyboard in Resources */,
				B332CB911A6BF22200D8D1F3 /* LaunchScreen.xib in Resources */,
				B332CB8E1A6BF22200D8D1F3 /* Images.xcassets in Resources */,
			);
			runOnlyForDeploymentPostprocessing = 0;
		};
		B332CB941A6BF22300D8D1F3 /* Resources */ = {
			isa = PBXResourcesBuildPhase;
			buildActionMask = 2147483647;
			files = (
			);
			runOnlyForDeploymentPostprocessing = 0;
		};
/* End PBXResourcesBuildPhase section */

/* Begin PBXSourcesBuildPhase section */
		B332CB7D1A6BF22200D8D1F3 /* Sources */ = {
			isa = PBXSourcesBuildPhase;
			buildActionMask = 2147483647;
			files = (
				B332CB891A6BF22200D8D1F3 /* ViewController.swift in Sources */,
				B332CB871A6BF22200D8D1F3 /* AppDelegate.swift in Sources */,
			);
			runOnlyForDeploymentPostprocessing = 0;
		};
		B332CB921A6BF22300D8D1F3 /* Sources */ = {
			isa = PBXSourcesBuildPhase;
			buildActionMask = 2147483647;
			files = (
				B332CB9D1A6BF22300D8D1F3 /* _2_AdvancedSeguesTests.swift in Sources */,
			);
			runOnlyForDeploymentPostprocessing = 0;
		};
/* End PBXSourcesBuildPhase section */

/* Begin PBXTargetDependency section */
		B332CB981A6BF22300D8D1F3 /* PBXTargetDependency */ = {
			isa = PBXTargetDependency;
			target = B332CB801A6BF22200D8D1F3 /* 72-AdvancedSegues */;
			targetProxy = B332CB971A6BF22300D8D1F3 /* PBXContainerItemProxy */;
		};
/* End PBXTargetDependency section */

/* Begin PBXVariantGroup section */
		B332CB8A1A6BF22200D8D1F3 /* Main.storyboard */ = {
			isa = PBXVariantGroup;
			children = (
				B332CB8B1A6BF22200D8D1F3 /* Base */,
			);
			name = Main.storyboard;
			sourceTree = "<group>";
		};
		B332CB8F1A6BF22200D8D1F3 /* LaunchScreen.xib */ = {
			isa = PBXVariantGroup;
			children = (
				B332CB901A6BF22200D8D1F3 /* Base */,
			);
			name = LaunchScreen.xib;
			sourceTree = "<group>";
		};
/* End PBXVariantGroup section */

/* Begin XCBuildConfiguration section */
		B332CB9E1A6BF22300D8D1F3 /* Debug */ = {
			isa = XCBuildConfiguration;
			buildSettings = {
				ALWAYS_SEARCH_USER_PATHS = NO;
				CLANG_CXX_LANGUAGE_STANDARD = "gnu++0x";
				CLANG_CXX_LIBRARY = "libc++";
				CLANG_ENABLE_MODULES = YES;
				CLANG_ENABLE_OBJC_ARC = YES;
				CLANG_WARN_BOOL_CONVERSION = YES;
				CLANG_WARN_CONSTANT_CONVERSION = YES;
				CLANG_WARN_DIRECT_OBJC_ISA_USAGE = YES_ERROR;
				CLANG_WARN_EMPTY_BODY = YES;
				CLANG_WARN_ENUM_CONVERSION = YES;
				CLANG_WARN_INT_CONVERSION = YES;
				CLANG_WARN_OBJC_ROOT_CLASS = YES_ERROR;
				CLANG_WARN_UNREACHABLE_CODE = YES;
				CLANG_WARN__DUPLICATE_METHOD_MATCH = YES;
				"CODE_SIGN_IDENTITY[sdk=iphoneos*]" = "iPhone Developer";
				COPY_PHASE_STRIP = NO;
				ENABLE_STRICT_OBJC_MSGSEND = YES;
				GCC_C_LANGUAGE_STANDARD = gnu99;
				GCC_DYNAMIC_NO_PIC = NO;
				GCC_OPTIMIZATION_LEVEL = 0;
				GCC_PREPROCESSOR_DEFINITIONS = (
					"DEBUG=1",
					"$(inherited)",
				);
				GCC_SYMBOLS_PRIVATE_EXTERN = NO;
				GCC_WARN_64_TO_32_BIT_CONVERSION = YES;
				GCC_WARN_ABOUT_RETURN_TYPE = YES_ERROR;
				GCC_WARN_UNDECLARED_SELECTOR = YES;
				GCC_WARN_UNINITIALIZED_AUTOS = YES_AGGRESSIVE;
				GCC_WARN_UNUSED_FUNCTION = YES;
				GCC_WARN_UNUSED_VARIABLE = YES;
				IPHONEOS_DEPLOYMENT_TARGET = 8.1;
				MTL_ENABLE_DEBUG_INFO = YES;
				ONLY_ACTIVE_ARCH = YES;
				SDKROOT = iphoneos;
				SWIFT_OPTIMIZATION_LEVEL = "-Onone";
				TARGETED_DEVICE_FAMILY = "1,2";
			};
			name = Debug;
		};
		B332CB9F1A6BF22300D8D1F3 /* Release */ = {
			isa = XCBuildConfiguration;
			buildSettings = {
				ALWAYS_SEARCH_USER_PATHS = NO;
				CLANG_CXX_LANGUAGE_STANDARD = "gnu++0x";
				CLANG_CXX_LIBRARY = "libc++";
				CLANG_ENABLE_MODULES = YES;
				CLANG_ENABLE_OBJC_ARC = YES;
				CLANG_WARN_BOOL_CONVERSION = YES;
				CLANG_WARN_CONSTANT_CONVERSION = YES;
				CLANG_WARN_DIRECT_OBJC_ISA_USAGE = YES_ERROR;
				CLANG_WARN_EMPTY_BODY = YES;
				CLANG_WARN_ENUM_CONVERSION = YES;
				CLANG_WARN_INT_CONVERSION = YES;
				CLANG_WARN_OBJC_ROOT_CLASS = YES_ERROR;
				CLANG_WARN_UNREACHABLE_CODE = YES;
				CLANG_WARN__DUPLICATE_METHOD_MATCH = YES;
				"CODE_SIGN_IDENTITY[sdk=iphoneos*]" = "iPhone Developer";
				COPY_PHASE_STRIP = YES;
				ENABLE_NS_ASSERTIONS = NO;
				ENABLE_STRICT_OBJC_MSGSEND = YES;
				GCC_C_LANGUAGE_STANDARD = gnu99;
				GCC_WARN_64_TO_32_BIT_CONVERSION = YES;
				GCC_WARN_ABOUT_RETURN_TYPE = YES_ERROR;
				GCC_WARN_UNDECLARED_SELECTOR = YES;
				GCC_WARN_UNINITIALIZED_AUTOS = YES_AGGRESSIVE;
				GCC_WARN_UNUSED_FUNCTION = YES;
				GCC_WARN_UNUSED_VARIABLE = YES;
				IPHONEOS_DEPLOYMENT_TARGET = 8.1;
				MTL_ENABLE_DEBUG_INFO = NO;
				SDKROOT = iphoneos;
				TARGETED_DEVICE_FAMILY = "1,2";
				VALIDATE_PRODUCT = YES;
			};
			name = Release;
		};
		B332CBA11A6BF22300D8D1F3 /* Debug */ = {
			isa = XCBuildConfiguration;
			buildSettings = {
				ASSETCATALOG_COMPILER_APPICON_NAME = AppIcon;
				INFOPLIST_FILE = "72-AdvancedSegues/Info.plist";
				LD_RUNPATH_SEARCH_PATHS = "$(inherited) @executable_path/Frameworks";
				PRODUCT_NAME = "$(TARGET_NAME)";
			};
			name = Debug;
		};
		B332CBA21A6BF22300D8D1F3 /* Release */ = {
			isa = XCBuildConfiguration;
			buildSettings = {
				ASSETCATALOG_COMPILER_APPICON_NAME = AppIcon;
				INFOPLIST_FILE = "72-AdvancedSegues/Info.plist";
				LD_RUNPATH_SEARCH_PATHS = "$(inherited) @executable_path/Frameworks";
				PRODUCT_NAME = "$(TARGET_NAME)";
			};
			name = Release;
		};
		B332CBA41A6BF22300D8D1F3 /* Debug */ = {
			isa = XCBuildConfiguration;
			buildSettings = {
				BUNDLE_LOADER = "$(TEST_HOST)";
				FRAMEWORK_SEARCH_PATHS = (
					"$(SDKROOT)/Developer/Library/Frameworks",
					"$(inherited)",
				);
				GCC_PREPROCESSOR_DEFINITIONS = (
					"DEBUG=1",
					"$(inherited)",
				);
				INFOPLIST_FILE = "72-AdvancedSeguesTests/Info.plist";
				LD_RUNPATH_SEARCH_PATHS = "$(inherited) @executable_path/Frameworks @loader_path/Frameworks";
				PRODUCT_NAME = "$(TARGET_NAME)";
				TEST_HOST = "$(BUILT_PRODUCTS_DIR)/72-AdvancedSegues.app/72-AdvancedSegues";
			};
			name = Debug;
		};
		B332CBA51A6BF22300D8D1F3 /* Release */ = {
			isa = XCBuildConfiguration;
			buildSettings = {
				BUNDLE_LOADER = "$(TEST_HOST)";
				FRAMEWORK_SEARCH_PATHS = (
					"$(SDKROOT)/Developer/Library/Frameworks",
					"$(inherited)",
				);
				INFOPLIST_FILE = "72-AdvancedSeguesTests/Info.plist";
				LD_RUNPATH_SEARCH_PATHS = "$(inherited) @executable_path/Frameworks @loader_path/Frameworks";
				PRODUCT_NAME = "$(TARGET_NAME)";
				TEST_HOST = "$(BUILT_PRODUCTS_DIR)/72-AdvancedSegues.app/72-AdvancedSegues";
			};
			name = Release;
		};
/* End XCBuildConfiguration section */

/* Begin XCConfigurationList section */
		B332CB7C1A6BF22200D8D1F3 /* Build configuration list for PBXProject "72-AdvancedSegues" */ = {
			isa = XCConfigurationList;
			buildConfigurations = (
				B332CB9E1A6BF22300D8D1F3 /* Debug */,
				B332CB9F1A6BF22300D8D1F3 /* Release */,
			);
			defaultConfigurationIsVisible = 0;
			defaultConfigurationName = Release;
		};
		B332CBA01A6BF22300D8D1F3 /* Build configuration list for PBXNativeTarget "72-AdvancedSegues" */ = {
			isa = XCConfigurationList;
			buildConfigurations = (
				B332CBA11A6BF22300D8D1F3 /* Debug */,
				B332CBA21A6BF22300D8D1F3 /* Release */,
			);
			defaultConfigurationIsVisible = 0;
		};
		B332CBA31A6BF22300D8D1F3 /* Build configuration list for PBXNativeTarget "72-AdvancedSeguesTests" */ = {
			isa = XCConfigurationList;
			buildConfigurations = (
				B332CBA41A6BF22300D8D1F3 /* Debug */,
				B332CBA51A6BF22300D8D1F3 /* Release */,
			);
			defaultConfigurationIsVisible = 0;
		};
/* End XCConfigurationList section */
	};
	rootObject = B332CB791A6BF22200D8D1F3 /* Project object */;
}
